
Microsoft Visual Studio Solution File, Format Version 12.00
# Visual Studio 15
VisualStudioVersion = 15.0.28307.1259
MinimumVisualStudioVersion = 10.0.40219.1
Project("{FAE04EC0-301F-11D3-BF4B-00C04F79EFBC}") = "Checkers-Server", "Checkers-Server\Checkers-Server.csproj", "{E8760C45-989A-4CF0-AA9E-5580C13B2B98}"
EndProject
Global
	GlobalSection(SolutionConfigurationPlatforms) = preSolution
		Debug|Any CPU = Debug|Any CPU
		Release|Any CPU = Release|Any CPU
	EndGlobalSection
	GlobalSection(ProjectConfigurationPlatforms) = postSolution
		{E8760C45-989A-4CF0-AA9E-5580C13B2B98}.Debug|Any CPU.ActiveCfg = Debug|Any CPU
		{E8760C45-989A-4CF0-AA9E-5580C13B2B98}.Debug|Any CPU.Build.0 = Debug|Any CPU
		{E8760C45-989A-4CF0-AA9E-5580C13B2B98}.Release|Any CPU.ActiveCfg = Release|Any CPU
		{E8760C45-989A-4CF0-AA9E-5580C13B2B98}.Release|Any CPU.Build.0 = Release|Any CPU
	EndGlobalSection
	GlobalSection(SolutionProperties) = preSolution
		HideSolutionNode = FALSE
	EndGlobalSection
	GlobalSection(ExtensibilityGlobals) = postSolution
		SolutionGuid = {41F49418-2DAC-4588-AB89-5B6F1D24D08C}
	EndGlobalSection
EndGlobal
